
Microsoft Visual Studio Solution File, Format Version 12.00
# Visual Studio Version 17
VisualStudioVersion = 17.3.32929.385
MinimumVisualStudioVersion = 10.0.40219.1
Project("{FAE04EC0-301F-11D3-BF4B-00C04F79EFBC}") = "2DPixelShooterGame", "2DPixelShooterGame\2DPixelShooterGame.csproj", "{38F8623D-B960-4C04-8ECB-34AB020A50A1}"
EndProject
Global
	GlobalSection(SolutionConfigurationPlatforms) = preSolution
		Debug|Any CPU = Debug|Any CPU
		Release|Any CPU = Release|Any CPU
	EndGlobalSection
	GlobalSection(ProjectConfigurationPlatforms) = postSolution
		{38F8623D-B960-4C04-8ECB-34AB020A50A1}.Debug|Any CPU.ActiveCfg = Debug|Any CPU
		{38F8623D-B960-4C04-8ECB-34AB020A50A1}.Debug|Any CPU.Build.0 = Debug|Any CPU
		{38F8623D-B960-4C04-8ECB-34AB020A50A1}.Release|Any CPU.ActiveCfg = Release|Any CPU
		{38F8623D-B960-4C04-8ECB-34AB020A50A1}.Release|Any CPU.Build.0 = Release|Any CPU
	EndGlobalSection
	GlobalSection(SolutionProperties) = preSolution
		HideSolutionNode = FALSE
	EndGlobalSection
	GlobalSection(ExtensibilityGlobals) = postSolution
		SolutionGuid = {73F028BA-1F81-44C3-B04B-86095F9359B4}
	EndGlobalSection
EndGlobal
